
Microsoft Visual Studio Solution File, Format Version 12.00
# Visual Studio Version 16
VisualStudioVersion = 16.0.31424.327
MinimumVisualStudioVersion = 10.0.40219.1
Project("{FAE04EC0-301F-11D3-BF4B-00C04F79EFBC}") = "moyu", "moyu\moyu.csproj", "{EF5DB427-248E-4623-B3C5-3A75C9B80987}"
EndProject
Project("{FAE04EC0-301F-11D3-BF4B-00C04F79EFBC}") = "ProcessListTool", "ProcessListTool\ProcessListTool.csproj", "{18005CE1-9721-47EB-8188-9E016FA82112}"
EndProject
Global
	GlobalSection(SolutionConfigurationPlatforms) = preSolution
		Debug|Any CPU = Debug|Any CPU
		Release|Any CPU = Release|Any CPU
	EndGlobalSection
	GlobalSection(ProjectConfigurationPlatforms) = postSolution
		{EF5DB427-248E-4623-B3C5-3A75C9B80987}.Debug|Any CPU.ActiveCfg = Debug|Any CPU
		{EF5DB427-248E-4623-B3C5-3A75C9B80987}.Debug|Any CPU.Build.0 = Debug|Any CPU
		{EF5DB427-248E-4623-B3C5-3A75C9B80987}.Release|Any CPU.ActiveCfg = Release|Any CPU
		{EF5DB427-248E-4623-B3C5-3A75C9B80987}.Release|Any CPU.Build.0 = Release|Any CPU
		{18005CE1-9721-47EB-8188-9E016FA82112}.Debug|Any CPU.ActiveCfg = Debug|Any CPU
		{18005CE1-9721-47EB-8188-9E016FA82112}.Debug|Any CPU.Build.0 = Debug|Any CPU
		{18005CE1-9721-47EB-8188-9E016FA82112}.Release|Any CPU.ActiveCfg = Release|Any CPU
		{18005CE1-9721-47EB-8188-9E016FA82112}.Release|Any CPU.Build.0 = Release|Any CPU
	EndGlobalSection
	GlobalSection(SolutionProperties) = preSolution
		HideSolutionNode = FALSE
	EndGlobalSection
	GlobalSection(ExtensibilityGlobals) = postSolution
		SolutionGuid = {224D809D-BCCF-45D8-A397-85974EA6E212}
	EndGlobalSection
EndGlobal
